// !$*UTF8*$!
{
	archiveVersion = 1;
	classes = {
	};
	objectVersion = 46;
	objects = {

/* Begin PBXBuildFile section */
		02FA3D98E315512AB55B0B3B /* libPods.a in Frameworks */ = {isa = PBXBuildFile; fileRef = 10F3D54C6A87871DBC938623 /* libPods.a */; };
		58DE3E7A1D33DCFE006EEDEE /* tab_icon_creativity@2x.png in Resources */ = {isa = PBXBuildFile; fileRef = 58DE3E701D33DCFE006EEDEE /* tab_icon_creativity@2x.png */; };
		58DE3E7B1D33DCFE006EEDEE /* tab_icon_creativity@3x.png in Resources */ = {isa = PBXBuildFile; fileRef = 58DE3E711D33DCFE006EEDEE /* tab_icon_creativity@3x.png */; };
		58DE3E7C1D33DCFE006EEDEE /* tab_icon_home_hl@2x.png in Resources */ = {isa = PBXBuildFile; fileRef = 58DE3E721D33DCFE006EEDEE /* tab_icon_home_hl@2x.png */; };
		58DE3E7D1D33DCFE006EEDEE /* tab_icon_home_hl@3x.png in Resources */ = {isa = PBXBuildFile; fileRef = 58DE3E731D33DCFE006EEDEE /* tab_icon_home_hl@3x.png */; };
		58DE3E7E1D33DCFE006EEDEE /* tab_icon_home@2x.png in Resources */ = {isa = PBXBuildFile; fileRef = 58DE3E741D33DCFE006EEDEE /* tab_icon_home@2x.png */; };
		58DE3E7F1D33DCFE006EEDEE /* tab_icon_home@3x.png in Resources */ = {isa = PBXBuildFile; fileRef = 58DE3E751D33DCFE006EEDEE /* tab_icon_home@3x.png */; };
		58DE3E801D33DCFE006EEDEE /* tab_icon_package_hl@2x.png in Resources */ = {isa = PBXBuildFile; fileRef = 58DE3E761D33DCFE006EEDEE /* tab_icon_package_hl@2x.png */; };
		58DE3E811D33DCFE006EEDEE /* tab_icon_package_hl@3x.png in Resources */ = {isa = PBXBuildFile; fileRef = 58DE3E771D33DCFE006EEDEE /* tab_icon_package_hl@3x.png */; };
		58DE3E821D33DCFE006EEDEE /* tab_icon_package@2x.png in Resources */ = {isa = PBXBuildFile; fileRef = 58DE3E781D33DCFE006EEDEE /* tab_icon_package@2x.png */; };
		58DE3E831D33DCFE006EEDEE /* tab_icon_package@3x.png in Resources */ = {isa = PBXBuildFile; fileRef = 58DE3E791D33DCFE006EEDEE /* tab_icon_package@3x.png */; };
		DD2A626C1D3366380095162E /* main.m in Sources */ = {isa = PBXBuildFile; fileRef = DD2A626B1D3366380095162E /* main.m */; };
		DD2A626F1D3366380095162E /* AppDelegate.m in Sources */ = {isa = PBXBuildFile; fileRef = DD2A626E1D3366380095162E /* AppDelegate.m */; };
		DD2A62751D3366380095162E /* Main.storyboard in Resources */ = {isa = PBXBuildFile; fileRef = DD2A62731D3366380095162E /* Main.storyboard */; };
		DD2A62771D3366380095162E /* Assets.xcassets in Resources */ = {isa = PBXBuildFile; fileRef = DD2A62761D3366380095162E /* Assets.xcassets */; };
		DD2A627A1D3366380095162E /* LaunchScreen.storyboard in Resources */ = {isa = PBXBuildFile; fileRef = DD2A62781D3366380095162E /* LaunchScreen.storyboard */; };
		DD2A62841D3374F30095162E /* HttpServer.m in Sources */ = {isa = PBXBuildFile; fileRef = DD2A62831D3374F30095162E /* HttpServer.m */; };
		DD2A62871D3377050095162E /* HttpCommonModel.m in Sources */ = {isa = PBXBuildFile; fileRef = DD2A62861D3377050095162E /* HttpCommonModel.m */; };
		DD2A628A1D337DD20095162E /* UIKit.framework in Frameworks */ = {isa = PBXBuildFile; fileRef = DD2A62891D337DD20095162E /* UIKit.framework */; };
		DD2A628E1D337E270095162E /* NSDictionary+SafeExpectations.m in Sources */ = {isa = PBXBuildFile; fileRef = DD2A628D1D337E270095162E /* NSDictionary+SafeExpectations.m */; };
		DD2A62921D3383580095162E /* UIView+Toast.m in Sources */ = {isa = PBXBuildFile; fileRef = DD2A62911D3383580095162E /* UIView+Toast.m */; };
		DD2A62951D3385340095162E /* BaseViewController.m in Sources */ = {isa = PBXBuildFile; fileRef = DD2A62941D3385340095162E /* BaseViewController.m */; };
		DD2A62981D3386790095162E /* nav_icon_back@2x.png in Resources */ = {isa = PBXBuildFile; fileRef = DD2A62961D3386790095162E /* nav_icon_back@2x.png */; };
		DD2A62991D3386790095162E /* nav_icon_back@3x.png in Resources */ = {isa = PBXBuildFile; fileRef = DD2A62971D3386790095162E /* nav_icon_back@3x.png */; };
		DD2A629D1D33872D0095162E /* BaseTabBarViewController.m in Sources */ = {isa = PBXBuildFile; fileRef = DD2A629C1D33872D0095162E /* BaseTabBarViewController.m */; };
		DD2A62A01D33875F0095162E /* BaseTabBarView.m in Sources */ = {isa = PBXBuildFile; fileRef = DD2A629F1D33875F0095162E /* BaseTabBarView.m */; };
		DD2A62A31D33885C0095162E /* UIFactory.m in Sources */ = {isa = PBXBuildFile; fileRef = DD2A62A21D33885C0095162E /* UIFactory.m */; };
		DD2A62A91D33898C0095162E /* HomePageViewController.m in Sources */ = {isa = PBXBuildFile; fileRef = DD2A62A81D33898C0095162E /* HomePageViewController.m */; };
		DD2A62AC1D33899C0095162E /* HealthViewController.m in Sources */ = {isa = PBXBuildFile; fileRef = DD2A62AB1D33899C0095162E /* HealthViewController.m */; };
		DD2A62AF1D3389AC0095162E /* RecordViewController.m in Sources */ = {isa = PBXBuildFile; fileRef = DD2A62AE1D3389AC0095162E /* RecordViewController.m */; };
		DD2A62B21D3389B90095162E /* MineViewController.m in Sources */ = {isa = PBXBuildFile; fileRef = DD2A62B11D3389B90095162E /* MineViewController.m */; };
		DD2A62B91D33912F0095162E /* ThreeStateGoinViewController.m in Sources */ = {isa = PBXBuildFile; fileRef = DD2A62B81D33912F0095162E /* ThreeStateGoinViewController.m */; };
		DD2A62C11D33962D0095162E /* baoma@2x.png in Resources */ = {isa = PBXBuildFile; fileRef = DD2A62BB1D33962D0095162E /* baoma@2x.png */; };
		DD2A62C21D33962D0095162E /* baoma@3x.png in Resources */ = {isa = PBXBuildFile; fileRef = DD2A62BC1D33962D0095162E /* baoma@3x.png */; };
		DD2A62C31D33962D0095162E /* beiyun@2x.png in Resources */ = {isa = PBXBuildFile; fileRef = DD2A62BD1D33962D0095162E /* beiyun@2x.png */; };
		DD2A62C41D33962D0095162E /* beiyun@3x.png in Resources */ = {isa = PBXBuildFile; fileRef = DD2A62BE1D33962D0095162E /* beiyun@3x.png */; };
		DD2A62C51D33962D0095162E /* huaiyun@2x.png in Resources */ = {isa = PBXBuildFile; fileRef = DD2A62BF1D33962D0095162E /* huaiyun@2x.png */; };
		DD2A62C61D33962D0095162E /* huaiyun@3x.png in Resources */ = {isa = PBXBuildFile; fileRef = DD2A62C01D33962D0095162E /* huaiyun@3x.png */; };
		DD2A62C91D339A7C0095162E /* PreparePregnantViewController.m in Sources */ = {isa = PBXBuildFile; fileRef = DD2A62C81D339A7C0095162E /* PreparePregnantViewController.m */; };
		DD2A62CC1D33B5A40095162E /* HasBeenPregnantViewController.m in Sources */ = {isa = PBXBuildFile; fileRef = DD2A62CB1D33B5A40095162E /* HasBeenPregnantViewController.m */; };
		DD2A62CF1D33B5DE0095162E /* PregnantAfterViewController.m in Sources */ = {isa = PBXBuildFile; fileRef = DD2A62CE1D33B5DE0095162E /* PregnantAfterViewController.m */; };
		DD830F4C1D336992006E3459 /* MJRefresh.bundle in Resources */ = {isa = PBXBuildFile; fileRef = DD830F341D336992006E3459 /* MJRefresh.bundle */; };
		DD830F4D1D336992006E3459 /* MJRefreshComponent.m in Sources */ = {isa = PBXBuildFile; fileRef = DD830F371D336992006E3459 /* MJRefreshComponent.m */; };
		DD830F4E1D336992006E3459 /* MJRefreshConst.m in Sources */ = {isa = PBXBuildFile; fileRef = DD830F391D336992006E3459 /* MJRefreshConst.m */; };
		DD830F4F1D336992006E3459 /* MJRefreshFooter.m in Sources */ = {isa = PBXBuildFile; fileRef = DD830F3B1D336992006E3459 /* MJRefreshFooter.m */; };
		DD830F501D336992006E3459 /* MJRefreshGifFooter.m in Sources */ = {isa = PBXBuildFile; fileRef = DD830F3D1D336992006E3459 /* MJRefreshGifFooter.m */; };
		DD830F511D336992006E3459 /* MJRefreshGifHeader.m in Sources */ = {isa = PBXBuildFile; fileRef = DD830F3F1D336992006E3459 /* MJRefreshGifHeader.m */; };
		DD830F521D336992006E3459 /* MJRefreshHeader.m in Sources */ = {isa = PBXBuildFile; fileRef = DD830F411D336992006E3459 /* MJRefreshHeader.m */; };
		DD830F531D336992006E3459 /* MJRefreshLegendFooter.m in Sources */ = {isa = PBXBuildFile; fileRef = DD830F431D336992006E3459 /* MJRefreshLegendFooter.m */; };
		DD830F541D336992006E3459 /* MJRefreshLegendHeader.m in Sources */ = {isa = PBXBuildFile; fileRef = DD830F451D336992006E3459 /* MJRefreshLegendHeader.m */; };
		DD830F551D336992006E3459 /* UIScrollView+MJExtension.m in Sources */ = {isa = PBXBuildFile; fileRef = DD830F471D336992006E3459 /* UIScrollView+MJExtension.m */; };
		DD830F561D336992006E3459 /* UIScrollView+MJRefresh.m in Sources */ = {isa = PBXBuildFile; fileRef = DD830F491D336992006E3459 /* UIScrollView+MJRefresh.m */; };
		DD830F571D336992006E3459 /* UIView+MJExtension.m in Sources */ = {isa = PBXBuildFile; fileRef = DD830F4B1D336992006E3459 /* UIView+MJExtension.m */; };
		DD830F5B1D336A33006E3459 /* CommonUtils.m in Sources */ = {isa = PBXBuildFile; fileRef = DD830F5A1D336A33006E3459 /* CommonUtils.m */; };
/* End PBXBuildFile section */

/* Begin PBXFileReference section */
		0FAC42D9857757A01DFE747A /* Pods.debug.xcconfig */ = {isa = PBXFileReference; includeInIndex = 1; lastKnownFileType = text.xcconfig; name = Pods.debug.xcconfig; path = "Pods/Target Support Files/Pods/Pods.debug.xcconfig"; sourceTree = "<group>"; };
		10F3D54C6A87871DBC938623 /* libPods.a */ = {isa = PBXFileReference; explicitFileType = archive.ar; includeInIndex = 0; path = libPods.a; sourceTree = BUILT_PRODUCTS_DIR; };
		58DE3E701D33DCFE006EEDEE /* tab_icon_creativity@2x.png */ = {isa = PBXFileReference; lastKnownFileType = image.png; path = "tab_icon_creativity@2x.png"; sourceTree = "<group>"; };
		58DE3E711D33DCFE006EEDEE /* tab_icon_creativity@3x.png */ = {isa = PBXFileReference; lastKnownFileType = image.png; path = "tab_icon_creativity@3x.png"; sourceTree = "<group>"; };
		58DE3E721D33DCFE006EEDEE /* tab_icon_home_hl@2x.png */ = {isa = PBXFileReference; lastKnownFileType = image.png; path = "tab_icon_home_hl@2x.png"; sourceTree = "<group>"; };
		58DE3E731D33DCFE006EEDEE /* tab_icon_home_hl@3x.png */ = {isa = PBXFileReference; lastKnownFileType = image.png; path = "tab_icon_home_hl@3x.png"; sourceTree = "<group>"; };
		58DE3E741D33DCFE006EEDEE /* tab_icon_home@2x.png */ = {isa = PBXFileReference; lastKnownFileType = image.png; path = "tab_icon_home@2x.png"; sourceTree = "<group>"; };
		58DE3E751D33DCFE006EEDEE /* tab_icon_home@3x.png */ = {isa = PBXFileReference; lastKnownFileType = image.png; path = "tab_icon_home@3x.png"; sourceTree = "<group>"; };
		58DE3E761D33DCFE006EEDEE /* tab_icon_package_hl@2x.png */ = {isa = PBXFileReference; lastKnownFileType = image.png; path = "tab_icon_package_hl@2x.png"; sourceTree = "<group>"; };
		58DE3E771D33DCFE006EEDEE /* tab_icon_package_hl@3x.png */ = {isa = PBXFileReference; lastKnownFileType = image.png; path = "tab_icon_package_hl@3x.png"; sourceTree = "<group>"; };
		58DE3E781D33DCFE006EEDEE /* tab_icon_package@2x.png */ = {isa = PBXFileReference; lastKnownFileType = image.png; path = "tab_icon_package@2x.png"; sourceTree = "<group>"; };
		58DE3E791D33DCFE006EEDEE /* tab_icon_package@3x.png */ = {isa = PBXFileReference; lastKnownFileType = image.png; path = "tab_icon_package@3x.png"; sourceTree = "<group>"; };
		8B8E3C3955D76B14BCB39984 /* Pods.release.xcconfig */ = {isa = PBXFileReference; includeInIndex = 1; lastKnownFileType = text.xcconfig; name = Pods.release.xcconfig; path = "Pods/Target Support Files/Pods/Pods.release.xcconfig"; sourceTree = "<group>"; };
		DD2A62671D3366380095162E /* KLRecreationFamily.app */ = {isa = PBXFileReference; explicitFileType = wrapper.application; includeInIndex = 0; path = KLRecreationFamily.app; sourceTree = BUILT_PRODUCTS_DIR; };
		DD2A626B1D3366380095162E /* main.m */ = {isa = PBXFileReference; lastKnownFileType = sourcecode.c.objc; path = main.m; sourceTree = "<group>"; };
		DD2A626D1D3366380095162E /* AppDelegate.h */ = {isa = PBXFileReference; lastKnownFileType = sourcecode.c.h; path = AppDelegate.h; sourceTree = "<group>"; };
		DD2A626E1D3366380095162E /* AppDelegate.m */ = {isa = PBXFileReference; lastKnownFileType = sourcecode.c.objc; path = AppDelegate.m; sourceTree = "<group>"; };
		DD2A62741D3366380095162E /* Base */ = {isa = PBXFileReference; lastKnownFileType = file.storyboard; name = Base; path = Base.lproj/Main.storyboard; sourceTree = "<group>"; };
		DD2A62761D3366380095162E /* Assets.xcassets */ = {isa = PBXFileReference; lastKnownFileType = folder.assetcatalog; path = Assets.xcassets; sourceTree = "<group>"; };
		DD2A62791D3366380095162E /* Base */ = {isa = PBXFileReference; lastKnownFileType = file.storyboard; name = Base; path = Base.lproj/LaunchScreen.storyboard; sourceTree = "<group>"; };
		DD2A627B1D3366380095162E /* Info.plist */ = {isa = PBXFileReference; lastKnownFileType = text.plist.xml; path = Info.plist; sourceTree = "<group>"; };
		DD2A62811D33730B0095162E /* NetworkConfigue.h */ = {isa = PBXFileReference; lastKnownFileType = sourcecode.c.h; path = NetworkConfigue.h; sourceTree = "<group>"; };
		DD2A62821D3374F30095162E /* HttpServer.h */ = {isa = PBXFileReference; fileEncoding = 4; lastKnownFileType = sourcecode.c.h; path = HttpServer.h; sourceTree = "<group>"; };
		DD2A62831D3374F30095162E /* HttpServer.m */ = {isa = PBXFileReference; fileEncoding = 4; lastKnownFileType = sourcecode.c.objc; path = HttpServer.m; sourceTree = "<group>"; };
		DD2A62851D3377050095162E /* HttpCommonModel.h */ = {isa = PBXFileReference; fileEncoding = 4; lastKnownFileType = sourcecode.c.h; path = HttpCommonModel.h; sourceTree = "<group>"; };
		DD2A62861D3377050095162E /* HttpCommonModel.m */ = {isa = PBXFileReference; fileEncoding = 4; lastKnownFileType = sourcecode.c.objc; path = HttpCommonModel.m; sourceTree = "<group>"; };
		DD2A62881D3379680095162E /* EnumDefine.h */ = {isa = PBXFileReference; lastKnownFileType = sourcecode.c.h; path = EnumDefine.h; sourceTree = "<group>"; };
		DD2A62891D337DD20095162E /* UIKit.framework */ = {isa = PBXFileReference; lastKnownFileType = wrapper.framework; name = UIKit.framework; path = System/Library/Frameworks/UIKit.framework; sourceTree = SDKROOT; };
		DD2A628C1D337E270095162E /* NSDictionary+SafeExpectations.h */ = {isa = PBXFileReference; fileEncoding = 4; lastKnownFileType = sourcecode.c.h; path = "NSDictionary+SafeExpectations.h"; sourceTree = "<group>"; };
		DD2A628D1D337E270095162E /* NSDictionary+SafeExpectations.m */ = {isa = PBXFileReference; fileEncoding = 4; lastKnownFileType = sourcecode.c.objc; path = "NSDictionary+SafeExpectations.m"; sourceTree = "<group>"; };
		DD2A62901D3383580095162E /* UIView+Toast.h */ = {isa = PBXFileReference; fileEncoding = 4; lastKnownFileType = sourcecode.c.h; path = "UIView+Toast.h"; sourceTree = "<group>"; };
		DD2A62911D3383580095162E /* UIView+Toast.m */ = {isa = PBXFileReference; fileEncoding = 4; lastKnownFileType = sourcecode.c.objc; path = "UIView+Toast.m"; sourceTree = "<group>"; };
		DD2A62931D3385340095162E /* BaseViewController.h */ = {isa = PBXFileReference; fileEncoding = 4; lastKnownFileType = sourcecode.c.h; path = BaseViewController.h; sourceTree = "<group>"; };
		DD2A62941D3385340095162E /* BaseViewController.m */ = {isa = PBXFileReference; fileEncoding = 4; lastKnownFileType = sourcecode.c.objc; path = BaseViewController.m; sourceTree = "<group>"; };
		DD2A62961D3386790095162E /* nav_icon_back@2x.png */ = {isa = PBXFileReference; lastKnownFileType = image.png; path = "nav_icon_back@2x.png"; sourceTree = "<group>"; };
		DD2A62971D3386790095162E /* nav_icon_back@3x.png */ = {isa = PBXFileReference; lastKnownFileType = image.png; path = "nav_icon_back@3x.png"; sourceTree = "<group>"; };
		DD2A629B1D33872D0095162E /* BaseTabBarViewController.h */ = {isa = PBXFileReference; fileEncoding = 4; lastKnownFileType = sourcecode.c.h; path = BaseTabBarViewController.h; sourceTree = "<group>"; };
		DD2A629C1D33872D0095162E /* BaseTabBarViewController.m */ = {isa = PBXFileReference; fileEncoding = 4; lastKnownFileType = sourcecode.c.objc; path = BaseTabBarViewController.m; sourceTree = "<group>"; };
		DD2A629E1D33875F0095162E /* BaseTabBarView.h */ = {isa = PBXFileReference; fileEncoding = 4; lastKnownFileType = sourcecode.c.h; path = BaseTabBarView.h; sourceTree = "<group>"; };
		DD2A629F1D33875F0095162E /* BaseTabBarView.m */ = {isa = PBXFileReference; fileEncoding = 4; lastKnownFileType = sourcecode.c.objc; path = BaseTabBarView.m; sourceTree = "<group>"; };
		DD2A62A11D33885C0095162E /* UIFactory.h */ = {isa = PBXFileReference; fileEncoding = 4; lastKnownFileType = sourcecode.c.h; path = UIFactory.h; sourceTree = "<group>"; };
		DD2A62A21D33885C0095162E /* UIFactory.m */ = {isa = PBXFileReference; fileEncoding = 4; lastKnownFileType = sourcecode.c.objc; path = UIFactory.m; sourceTree = "<group>"; };
		DD2A62A71D33898C0095162E /* HomePageViewController.h */ = {isa = PBXFileReference; fileEncoding = 4; lastKnownFileType = sourcecode.c.h; path = HomePageViewController.h; sourceTree = "<group>"; };
		DD2A62A81D33898C0095162E /* HomePageViewController.m */ = {isa = PBXFileReference; fileEncoding = 4; lastKnownFileType = sourcecode.c.objc; path = HomePageViewController.m; sourceTree = "<group>"; };
		DD2A62AA1D33899C0095162E /* HealthViewController.h */ = {isa = PBXFileReference; fileEncoding = 4; lastKnownFileType = sourcecode.c.h; path = HealthViewController.h; sourceTree = "<group>"; };
		DD2A62AB1D33899C0095162E /* HealthViewController.m */ = {isa = PBXFileReference; fileEncoding = 4; lastKnownFileType = sourcecode.c.objc; path = HealthViewController.m; sourceTree = "<group>"; };
		DD2A62AD1D3389AC0095162E /* RecordViewController.h */ = {isa = PBXFileReference; fileEncoding = 4; lastKnownFileType = sourcecode.c.h; path = RecordViewController.h; sourceTree = "<group>"; };
		DD2A62AE1D3389AC0095162E /* RecordViewController.m */ = {isa = PBXFileReference; fileEncoding = 4; lastKnownFileType = sourcecode.c.objc; path = RecordViewController.m; sourceTree = "<group>"; };
		DD2A62B01D3389B90095162E /* MineViewController.h */ = {isa = PBXFileReference; fileEncoding = 4; lastKnownFileType = sourcecode.c.h; path = MineViewController.h; sourceTree = "<group>"; };
		DD2A62B11D3389B90095162E /* MineViewController.m */ = {isa = PBXFileReference; fileEncoding = 4; lastKnownFileType = sourcecode.c.objc; path = MineViewController.m; sourceTree = "<group>"; };
		DD2A62B71D33912F0095162E /* ThreeStateGoinViewController.h */ = {isa = PBXFileReference; fileEncoding = 4; lastKnownFileType = sourcecode.c.h; path = ThreeStateGoinViewController.h; sourceTree = "<group>"; };
		DD2A62B81D33912F0095162E /* ThreeStateGoinViewController.m */ = {isa = PBXFileReference; fileEncoding = 4; lastKnownFileType = sourcecode.c.objc; path = ThreeStateGoinViewController.m; sourceTree = "<group>"; };
		DD2A62BB1D33962D0095162E /* baoma@2x.png */ = {isa = PBXFileReference; lastKnownFileType = image.png; path = "baoma@2x.png"; sourceTree = "<group>"; };
		DD2A62BC1D33962D0095162E /* baoma@3x.png */ = {isa = PBXFileReference; lastKnownFileType = image.png; path = "baoma@3x.png"; sourceTree = "<group>"; };
		DD2A62BD1D33962D0095162E /* beiyun@2x.png */ = {isa = PBXFileReference; lastKnownFileType = image.png; path = "beiyun@2x.png"; sourceTree = "<group>"; };
		DD2A62BE1D33962D0095162E /* beiyun@3x.png */ = {isa = PBXFileReference; lastKnownFileType = image.png; path = "beiyun@3x.png"; sourceTree = "<group>"; };
		DD2A62BF1D33962D0095162E /* huaiyun@2x.png */ = {isa = PBXFileReference; lastKnownFileType = image.png; path = "huaiyun@2x.png"; sourceTree = "<group>"; };
		DD2A62C01D33962D0095162E /* huaiyun@3x.png */ = {isa = PBXFileReference; lastKnownFileType = image.png; path = "huaiyun@3x.png"; sourceTree = "<group>"; };
		DD2A62C71D339A7C0095162E /* PreparePregnantViewController.h */ = {isa = PBXFileReference; fileEncoding = 4; lastKnownFileType = sourcecode.c.h; path = PreparePregnantViewController.h; sourceTree = "<group>"; };
		DD2A62C81D339A7C0095162E /* PreparePregnantViewController.m */ = {isa = PBXFileReference; fileEncoding = 4; lastKnownFileType = sourcecode.c.objc; path = PreparePregnantViewController.m; sourceTree = "<group>"; };
		DD2A62CA1D33B5A40095162E /* HasBeenPregnantViewController.h */ = {isa = PBXFileReference; fileEncoding = 4; lastKnownFileType = sourcecode.c.h; path = HasBeenPregnantViewController.h; sourceTree = "<group>"; };
		DD2A62CB1D33B5A40095162E /* HasBeenPregnantViewController.m */ = {isa = PBXFileReference; fileEncoding = 4; lastKnownFileType = sourcecode.c.objc; path = HasBeenPregnantViewController.m; sourceTree = "<group>"; };
		DD2A62CD1D33B5DE0095162E /* PregnantAfterViewController.h */ = {isa = PBXFileReference; fileEncoding = 4; lastKnownFileType = sourcecode.c.h; path = PregnantAfterViewController.h; sourceTree = "<group>"; };
		DD2A62CE1D33B5DE0095162E /* PregnantAfterViewController.m */ = {isa = PBXFileReference; fileEncoding = 4; lastKnownFileType = sourcecode.c.objc; path = PregnantAfterViewController.m; sourceTree = "<group>"; };
		DD830F341D336992006E3459 /* MJRefresh.bundle */ = {isa = PBXFileReference; lastKnownFileType = "wrapper.plug-in"; path = MJRefresh.bundle; sourceTree = "<group>"; };
		DD830F351D336992006E3459 /* MJRefresh.h */ = {isa = PBXFileReference; fileEncoding = 4; lastKnownFileType = sourcecode.c.h; path = MJRefresh.h; sourceTree = "<group>"; };
		DD830F361D336992006E3459 /* MJRefreshComponent.h */ = {isa = PBXFileReference; fileEncoding = 4; lastKnownFileType = sourcecode.c.h; path = MJRefreshComponent.h; sourceTree = "<group>"; };
		DD830F371D336992006E3459 /* MJRefreshComponent.m */ = {isa = PBXFileReference; fileEncoding = 4; lastKnownFileType = sourcecode.c.objc; path = MJRefreshComponent.m; sourceTree = "<group>"; };
		DD830F381D336992006E3459 /* MJRefreshConst.h */ = {isa = PBXFileReference; fileEncoding = 4; lastKnownFileType = sourcecode.c.h; path = MJRefreshConst.h; sourceTree = "<group>"; };
		DD830F391D336992006E3459 /* MJRefreshConst.m */ = {isa = PBXFileReference; fileEncoding = 4; lastKnownFileType = sourcecode.c.objc; path = MJRefreshConst.m; sourceTree = "<group>"; };
		DD830F3A1D336992006E3459 /* MJRefreshFooter.h */ = {isa = PBXFileReference; fileEncoding = 4; lastKnownFileType = sourcecode.c.h; path = MJRefreshFooter.h; sourceTree = "<group>"; };
		DD830F3B1D336992006E3459 /* MJRefreshFooter.m */ = {isa = PBXFileReference; fileEncoding = 4; lastKnownFileType = sourcecode.c.objc; path = MJRefreshFooter.m; sourceTree = "<group>"; };
		DD830F3C1D336992006E3459 /* MJRefreshGifFooter.h */ = {isa = PBXFileReference; fileEncoding = 4; lastKnownFileType = sourcecode.c.h; path = MJRefreshGifFooter.h; sourceTree = "<group>"; };
		DD830F3D1D336992006E3459 /* MJRefreshGifFooter.m */ = {isa = PBXFileReference; fileEncoding = 4; lastKnownFileType = sourcecode.c.objc; path = MJRefreshGifFooter.m; sourceTree = "<group>"; };
		DD830F3E1D336992006E3459 /* MJRefreshGifHeader.h */ = {isa = PBXFileReference; fileEncoding = 4; lastKnownFileType = sourcecode.c.h; path = MJRefreshGifHeader.h; sourceTree = "<group>"; };
		DD830F3F1D336992006E3459 /* MJRefreshGifHeader.m */ = {isa = PBXFileReference; fileEncoding = 4; lastKnownFileType = sourcecode.c.objc; path = MJRefreshGifHeader.m; sourceTree = "<group>"; };
		DD830F401D336992006E3459 /* MJRefreshHeader.h */ = {isa = PBXFileReference; fileEncoding = 4; lastKnownFileType = sourcecode.c.h; path = MJRefreshHeader.h; sourceTree = "<group>"; };
		DD830F411D336992006E3459 /* MJRefreshHeader.m */ = {isa = PBXFileReference; fileEncoding = 4; lastKnownFileType = sourcecode.c.objc; path = MJRefreshHeader.m; sourceTree = "<group>"; };
		DD830F421D336992006E3459 /* MJRefreshLegendFooter.h */ = {isa = PBXFileReference; fileEncoding = 4; lastKnownFileType = sourcecode.c.h; path = MJRefreshLegendFooter.h; sourceTree = "<group>"; };
		DD830F431D336992006E3459 /* MJRefreshLegendFooter.m */ = {isa = PBXFileReference; fileEncoding = 4; lastKnownFileType = sourcecode.c.objc; path = MJRefreshLegendFooter.m; sourceTree = "<group>"; };
		DD830F441D336992006E3459 /* MJRefreshLegendHeader.h */ = {isa = PBXFileReference; fileEncoding = 4; lastKnownFileType = sourcecode.c.h; path = MJRefreshLegendHeader.h; sourceTree = "<group>"; };
		DD830F451D336992006E3459 /* MJRefreshLegendHeader.m */ = {isa = PBXFileReference; fileEncoding = 4; lastKnownFileType = sourcecode.c.objc; path = MJRefreshLegendHeader.m; sourceTree = "<group>"; };
		DD830F461D336992006E3459 /* UIScrollView+MJExtension.h */ = {isa = PBXFileReference; fileEncoding = 4; lastKnownFileType = sourcecode.c.h; path = "UIScrollView+MJExtension.h"; sourceTree = "<group>"; };
		DD830F471D336992006E3459 /* UIScrollView+MJExtension.m */ = {isa = PBXFileReference; fileEncoding = 4; lastKnownFileType = sourcecode.c.objc; path = "UIScrollView+MJExtension.m"; sourceTree = "<group>"; };
		DD830F481D336992006E3459 /* UIScrollView+MJRefresh.h */ = {isa = PBXFileReference; fileEncoding = 4; lastKnownFileType = sourcecode.c.h; path = "UIScrollView+MJRefresh.h"; sourceTree = "<group>"; };
		DD830F491D336992006E3459 /* UIScrollView+MJRefresh.m */ = {isa = PBXFileReference; fileEncoding = 4; lastKnownFileType = sourcecode.c.objc; path = "UIScrollView+MJRefresh.m"; sourceTree = "<group>"; };
		DD830F4A1D336992006E3459 /* UIView+MJExtension.h */ = {isa = PBXFileReference; fileEncoding = 4; lastKnownFileType = sourcecode.c.h; path = "UIView+MJExtension.h"; sourceTree = "<group>"; };
		DD830F4B1D336992006E3459 /* UIView+MJExtension.m */ = {isa = PBXFileReference; fileEncoding = 4; lastKnownFileType = sourcecode.c.objc; path = "UIView+MJExtension.m"; sourceTree = "<group>"; };
		DD830F591D336A33006E3459 /* CommonUtils.h */ = {isa = PBXFileReference; fileEncoding = 4; lastKnownFileType = sourcecode.c.h; path = CommonUtils.h; sourceTree = "<group>"; };
		DD830F5A1D336A33006E3459 /* CommonUtils.m */ = {isa = PBXFileReference; fileEncoding = 4; lastKnownFileType = sourcecode.c.objc; path = CommonUtils.m; sourceTree = "<group>"; };
		DD830F6F1D336F7B006E3459 /* ConfigDefine.h */ = {isa = PBXFileReference; lastKnownFileType = sourcecode.c.h; path = ConfigDefine.h; sourceTree = "<group>"; };
		DD830F701D337112006E3459 /* KL-PrefixHeader.pch */ = {isa = PBXFileReference; lastKnownFileType = sourcecode.c.h; path = "KL-PrefixHeader.pch"; sourceTree = "<group>"; };
/* End PBXFileReference section */

/* Begin PBXFrameworksBuildPhase section */
		DD2A62641D3366380095162E /* Frameworks */ = {
			isa = PBXFrameworksBuildPhase;
			buildActionMask = 2147483647;
			files = (
				DD2A628A1D337DD20095162E /* UIKit.framework in Frameworks */,
				02FA3D98E315512AB55B0B3B /* libPods.a in Frameworks */,
			);
			runOnlyForDeploymentPostprocessing = 0;
		};
/* End PBXFrameworksBuildPhase section */

/* Begin PBXGroup section */
		5EADB5AA950DDE9D0CA0C2A2 /* Pods */ = {
			isa = PBXGroup;
			children = (
				0FAC42D9857757A01DFE747A /* Pods.debug.xcconfig */,
				8B8E3C3955D76B14BCB39984 /* Pods.release.xcconfig */,
			);
			name = Pods;
			sourceTree = "<group>";
		};
		C2E3B0D889098F31315778FD /* Frameworks */ = {
			isa = PBXGroup;
			children = (
				DD2A62891D337DD20095162E /* UIKit.framework */,
				10F3D54C6A87871DBC938623 /* libPods.a */,
			);
			name = Frameworks;
			sourceTree = "<group>";
		};
		DD2A625E1D3366380095162E = {
			isa = PBXGroup;
			children = (
				DD2A62691D3366380095162E /* KLRecreationFamily */,
				DD2A62681D3366380095162E /* Products */,
				5EADB5AA950DDE9D0CA0C2A2 /* Pods */,
				C2E3B0D889098F31315778FD /* Frameworks */,
			);
			sourceTree = "<group>";
		};
		DD2A62681D3366380095162E /* Products */ = {
			isa = PBXGroup;
			children = (
				DD2A62671D3366380095162E /* KLRecreationFamily.app */,
			);
			name = Products;
			sourceTree = "<group>";
		};
		DD2A62691D3366380095162E /* KLRecreationFamily */ = {
			isa = PBXGroup;
			children = (
				DD2A626D1D3366380095162E /* AppDelegate.h */,
				DD2A626E1D3366380095162E /* AppDelegate.m */,
				DD2A62931D3385340095162E /* BaseViewController.h */,
				DD2A62941D3385340095162E /* BaseViewController.m */,
				DD2A629A1D3386D90095162E /* TabBar */,
				DD2A62B31D3390350095162E /* Account */,
				DD830F6B1D336EA6006E3459 /* MineModule */,
				DD830F671D336DFE006E3459 /* RecordModule */,
				DD830F631D336D31006E3459 /* HealthModule */,
				DD830F5F1D336CA0006E3459 /* HomePage */,
				DD830F5E1D336C51006E3459 /* NetWorkManager */,
				DD830F5D1D336BF4006E3459 /* Config */,
				DD830F5C1D336B6E006E3459 /* Resource */,
				DD830F581D3369BA006E3459 /* Utils */,
				DD830F321D33694B006E3459 /* ThirdParty */,
				DD2A626A1D3366380095162E /* Supporting Files */,
			);
			path = KLRecreationFamily;
			sourceTree = "<group>";
		};
		DD2A626A1D3366380095162E /* Supporting Files */ = {
			isa = PBXGroup;
			children = (
				DD2A62731D3366380095162E /* Main.storyboard */,
				DD2A62761D3366380095162E /* Assets.xcassets */,
				DD2A62781D3366380095162E /* LaunchScreen.storyboard */,
				DD2A627B1D3366380095162E /* Info.plist */,
				DD830F701D337112006E3459 /* KL-PrefixHeader.pch */,
				DD2A626B1D3366380095162E /* main.m */,
			);
			name = "Supporting Files";
			sourceTree = "<group>";
		};
		DD2A628B1D337E270095162E /* NSDictionary+Safe */ = {
			isa = PBXGroup;
			children = (
				DD2A628C1D337E270095162E /* NSDictionary+SafeExpectations.h */,
				DD2A628D1D337E270095162E /* NSDictionary+SafeExpectations.m */,
			);
			path = "NSDictionary+Safe";
			sourceTree = "<group>";
		};
		DD2A628F1D3383580095162E /* Toast */ = {
			isa = PBXGroup;
			children = (
				DD2A62901D3383580095162E /* UIView+Toast.h */,
				DD2A62911D3383580095162E /* UIView+Toast.m */,
			);
			path = Toast;
			sourceTree = "<group>";
		};
		DD2A629A1D3386D90095162E /* TabBar */ = {
			isa = PBXGroup;
			children = (
				DD2A629B1D33872D0095162E /* BaseTabBarViewController.h */,
				DD2A629C1D33872D0095162E /* BaseTabBarViewController.m */,
				DD2A629E1D33875F0095162E /* BaseTabBarView.h */,
				DD2A629F1D33875F0095162E /* BaseTabBarView.m */,
			);
			path = TabBar;
			sourceTree = "<group>";
		};
		DD2A62B31D3390350095162E /* Account */ = {
			isa = PBXGroup;
			children = (
				DD2A62B61D3390710095162E /* Model */,
				DD2A62B51D3390640095162E /* View */,
				DD2A62B41D3390500095162E /* Controller */,
			);
			path = Account;
			sourceTree = "<group>";
		};
		DD2A62B41D3390500095162E /* Controller */ = {
			isa = PBXGroup;
			children = (
				DD2A62B71D33912F0095162E /* ThreeStateGoinViewController.h */,
				DD2A62B81D33912F0095162E /* ThreeStateGoinViewController.m */,
				DD2A62C71D339A7C0095162E /* PreparePregnantViewController.h */,
				DD2A62C81D339A7C0095162E /* PreparePregnantViewController.m */,
				DD2A62CA1D33B5A40095162E /* HasBeenPregnantViewController.h */,
				DD2A62CB1D33B5A40095162E /* HasBeenPregnantViewController.m */,
				DD2A62CD1D33B5DE0095162E /* PregnantAfterViewController.h */,
				DD2A62CE1D33B5DE0095162E /* PregnantAfterViewController.m */,
			);
			path = Controller;
			sourceTree = "<group>";
		};
		DD2A62B51D3390640095162E /* View */ = {
			isa = PBXGroup;
			children = (
			);
			path = View;
			sourceTree = "<group>";
		};
		DD2A62B61D3390710095162E /* Model */ = {
			isa = PBXGroup;
			children = (
			);
			path = Model;
			sourceTree = "<group>";
		};
		DD2A62BA1D3396170095162E /* Account */ = {
			isa = PBXGroup;
			children = (
				DD2A62BB1D33962D0095162E /* baoma@2x.png */,
				DD2A62BC1D33962D0095162E /* baoma@3x.png */,
				DD2A62BD1D33962D0095162E /* beiyun@2x.png */,
				DD2A62BE1D33962D0095162E /* beiyun@3x.png */,
				DD2A62BF1D33962D0095162E /* huaiyun@2x.png */,
				DD2A62C01D33962D0095162E /* huaiyun@3x.png */,
			);
			path = Account;
			sourceTree = "<group>";
		};
		DD830F321D33694B006E3459 /* ThirdParty */ = {
			isa = PBXGroup;
			children = (
				DD2A628F1D3383580095162E /* Toast */,
				DD2A628B1D337E270095162E /* NSDictionary+Safe */,
				DD830F331D336992006E3459 /* MJRefresh */,
			);
			path = ThirdParty;
			sourceTree = "<group>";
		};
		DD830F331D336992006E3459 /* MJRefresh */ = {
			isa = PBXGroup;
			children = (
				DD830F341D336992006E3459 /* MJRefresh.bundle */,
				DD830F351D336992006E3459 /* MJRefresh.h */,
				DD830F361D336992006E3459 /* MJRefreshComponent.h */,
				DD830F371D336992006E3459 /* MJRefreshComponent.m */,
				DD830F381D336992006E3459 /* MJRefreshConst.h */,
				DD830F391D336992006E3459 /* MJRefreshConst.m */,
				DD830F3A1D336992006E3459 /* MJRefreshFooter.h */,
				DD830F3B1D336992006E3459 /* MJRefreshFooter.m */,
				DD830F3C1D336992006E3459 /* MJRefreshGifFooter.h */,
				DD830F3D1D336992006E3459 /* MJRefreshGifFooter.m */,
				DD830F3E1D336992006E3459 /* MJRefreshGifHeader.h */,
				DD830F3F1D336992006E3459 /* MJRefreshGifHeader.m */,
				DD830F401D336992006E3459 /* MJRefreshHeader.h */,
				DD830F411D336992006E3459 /* MJRefreshHeader.m */,
				DD830F421D336992006E3459 /* MJRefreshLegendFooter.h */,
				DD830F431D336992006E3459 /* MJRefreshLegendFooter.m */,
				DD830F441D336992006E3459 /* MJRefreshLegendHeader.h */,
				DD830F451D336992006E3459 /* MJRefreshLegendHeader.m */,
				DD830F461D336992006E3459 /* UIScrollView+MJExtension.h */,
				DD830F471D336992006E3459 /* UIScrollView+MJExtension.m */,
				DD830F481D336992006E3459 /* UIScrollView+MJRefresh.h */,
				DD830F491D336992006E3459 /* UIScrollView+MJRefresh.m */,
				DD830F4A1D336992006E3459 /* UIView+MJExtension.h */,
				DD830F4B1D336992006E3459 /* UIView+MJExtension.m */,
			);
			path = MJRefresh;
			sourceTree = "<group>";
		};
		DD830F581D3369BA006E3459 /* Utils */ = {
			isa = PBXGroup;
			children = (
				DD830F591D336A33006E3459 /* CommonUtils.h */,
				DD830F5A1D336A33006E3459 /* CommonUtils.m */,
				DD2A62A11D33885C0095162E /* UIFactory.h */,
				DD2A62A21D33885C0095162E /* UIFactory.m */,
			);
			path = Utils;
			sourceTree = "<group>";
		};
		DD830F5C1D336B6E006E3459 /* Resource */ = {
			isa = PBXGroup;
			children = (
				58DE3E701D33DCFE006EEDEE /* tab_icon_creativity@2x.png */,
				58DE3E711D33DCFE006EEDEE /* tab_icon_creativity@3x.png */,
				58DE3E721D33DCFE006EEDEE /* tab_icon_home_hl@2x.png */,
				58DE3E731D33DCFE006EEDEE /* tab_icon_home_hl@3x.png */,
				58DE3E741D33DCFE006EEDEE /* tab_icon_home@2x.png */,
				58DE3E751D33DCFE006EEDEE /* tab_icon_home@3x.png */,
				58DE3E761D33DCFE006EEDEE /* tab_icon_package_hl@2x.png */,
				58DE3E771D33DCFE006EEDEE /* tab_icon_package_hl@3x.png */,
				58DE3E781D33DCFE006EEDEE /* tab_icon_package@2x.png */,
				58DE3E791D33DCFE006EEDEE /* tab_icon_package@3x.png */,
				DD2A62961D3386790095162E /* nav_icon_back@2x.png */,
				DD2A62971D3386790095162E /* nav_icon_back@3x.png */,
				DD2A62BA1D3396170095162E /* Account */,
			);
			path = Resource;
			sourceTree = "<group>";
		};
		DD830F5D1D336BF4006E3459 /* Config */ = {
			isa = PBXGroup;
			children = (
				DD830F6F1D336F7B006E3459 /* ConfigDefine.h */,
				DD2A62881D3379680095162E /* EnumDefine.h */,
			);
			path = Config;
			sourceTree = "<group>";
		};
		DD830F5E1D336C51006E3459 /* NetWorkManager */ = {
			isa = PBXGroup;
			children = (
				DD2A62811D33730B0095162E /* NetworkConfigue.h */,
				DD2A62821D3374F30095162E /* HttpServer.h */,
				DD2A62831D3374F30095162E /* HttpServer.m */,
				DD2A62851D3377050095162E /* HttpCommonModel.h */,
				DD2A62861D3377050095162E /* HttpCommonModel.m */,
			);
			path = NetWorkManager;
			sourceTree = "<group>";
		};
		DD830F5F1D336CA0006E3459 /* HomePage */ = {
			isa = PBXGroup;
			children = (
				DD830F621D336CD4006E3459 /* View */,
				DD830F611D336CC4006E3459 /* Model */,
				DD830F601D336CB4006E3459 /* Controller */,
			);
			path = HomePage;
			sourceTree = "<group>";
		};
		DD830F601D336CB4006E3459 /* Controller */ = {
			isa = PBXGroup;
			children = (
				DD2A62A71D33898C0095162E /* HomePageViewController.h */,
				DD2A62A81D33898C0095162E /* HomePageViewController.m */,
			);
			path = Controller;
			sourceTree = "<group>";
		};
		DD830F611D336CC4006E3459 /* Model */ = {
			isa = PBXGroup;
			children = (
			);
			path = Model;
			sourceTree = "<group>";
		};
		DD830F621D336CD4006E3459 /* View */ = {
			isa = PBXGroup;
			children = (
			);
			path = View;
			sourceTree = "<group>";
		};
		DD830F631D336D31006E3459 /* HealthModule */ = {
			isa = PBXGroup;
			children = (
				DD830F661D336D6C006E3459 /* Model */,
				DD830F651D336D55006E3459 /* View */,
				DD830F641D336D46006E3459 /* Controller */,
			);
			path = HealthModule;
			sourceTree = "<group>";
		};
		DD830F641D336D46006E3459 /* Controller */ = {
			isa = PBXGroup;
			children = (
				DD2A62AA1D33899C0095162E /* HealthViewController.h */,
				DD2A62AB1D33899C0095162E /* HealthViewController.m */,
			);
			path = Controller;
			sourceTree = "<group>";
		};
		DD830F651D336D55006E3459 /* View */ = {
			isa = PBXGroup;
			children = (
			);
			path = View;
			sourceTree = "<group>";
		};
		DD830F661D336D6C006E3459 /* Model */ = {
			isa = PBXGroup;
			children = (
			);
			path = Model;
			sourceTree = "<group>";
		};
		DD830F671D336DFE006E3459 /* RecordModule */ = {
			isa = PBXGroup;
			children = (
				DD830F6A1D336E7C006E3459 /* Model */,
				DD830F691D336E69006E3459 /* View */,
				DD830F681D336E0F006E3459 /* Controller */,
			);
			path = RecordModule;
			sourceTree = "<group>";
		};
		DD830F681D336E0F006E3459 /* Controller */ = {
			isa = PBXGroup;
			children = (
				DD2A62AD1D3389AC0095162E /* RecordViewController.h */,
				DD2A62AE1D3389AC0095162E /* RecordViewController.m */,
			);
			path = Controller;
			sourceTree = "<group>";
		};
		DD830F691D336E69006E3459 /* View */ = {
			isa = PBXGroup;
			children = (
			);
			path = View;
			sourceTree = "<group>";
		};
		DD830F6A1D336E7C006E3459 /* Model */ = {
			isa = PBXGroup;
			children = (
			);
			path = Model;
			sourceTree = "<group>";
		};
		DD830F6B1D336EA6006E3459 /* MineModule */ = {
			isa = PBXGroup;
			children = (
				DD830F6E1D336EDC006E3459 /* Model */,
				DD830F6D1D336ECD006E3459 /* View */,
				DD830F6C1D336EB9006E3459 /* Controller */,
			);
			path = MineModule;
			sourceTree = "<group>";
		};
		DD830F6C1D336EB9006E3459 /* Controller */ = {
			isa = PBXGroup;
			children = (
				DD2A62B01D3389B90095162E /* MineViewController.h */,
				DD2A62B11D3389B90095162E /* MineViewController.m */,
			);
			path = Controller;
			sourceTree = "<group>";
		};
		DD830F6D1D336ECD006E3459 /* View */ = {
			isa = PBXGroup;
			children = (
			);
			path = View;
			sourceTree = "<group>";
		};
		DD830F6E1D336EDC006E3459 /* Model */ = {
			isa = PBXGroup;
			children = (
			);
			path = Model;
			sourceTree = "<group>";
		};
/* End PBXGroup section */

/* Begin PBXNativeTarget section */
		DD2A62661D3366380095162E /* KLRecreationFamily */ = {
			isa = PBXNativeTarget;
			buildConfigurationList = DD2A627E1D3366380095162E /* Build configuration list for PBXNativeTarget "KLRecreationFamily" */;
			buildPhases = (
				8C8F227B73BB689452D1530E /* Check Pods Manifest.lock */,
				DD2A62631D3366380095162E /* Sources */,
				DD2A62641D3366380095162E /* Frameworks */,
				DD2A62651D3366380095162E /* Resources */,
				84E7260F0F7AD53B66228C7D /* Embed Pods Frameworks */,
				E578F6B22F4E100E2D01DE87 /* Copy Pods Resources */,
			);
			buildRules = (
			);
			dependencies = (
			);
			name = KLRecreationFamily;
			productName = KLRecreationFamily;
			productReference = DD2A62671D3366380095162E /* KLRecreationFamily.app */;
			productType = "com.apple.product-type.application";
		};
/* End PBXNativeTarget section */

/* Begin PBXProject section */
		DD2A625F1D3366380095162E /* Project object */ = {
			isa = PBXProject;
			attributes = {
				LastUpgradeCheck = 0710;
				ORGANIZATIONNAME = Wangyuanyuan;
				TargetAttributes = {
					DD2A62661D3366380095162E = {
						CreatedOnToolsVersion = 7.1;
					};
				};
			};
			buildConfigurationList = DD2A62621D3366380095162E /* Build configuration list for PBXProject "KLRecreationFamily" */;
			compatibilityVersion = "Xcode 3.2";
			developmentRegion = English;
			hasScannedForEncodings = 0;
			knownRegions = (
				en,
				Base,
			);
			mainGroup = DD2A625E1D3366380095162E;
			productRefGroup = DD2A62681D3366380095162E /* Products */;
			projectDirPath = "";
			projectRoot = "";
			targets = (
				DD2A62661D3366380095162E /* KLRecreationFamily */,
			);
		};
/* End PBXProject section */

/* Begin PBXResourcesBuildPhase section */
		DD2A62651D3366380095162E /* Resources */ = {
			isa = PBXResourcesBuildPhase;
			buildActionMask = 2147483647;
			files = (
				58DE3E7A1D33DCFE006EEDEE /* tab_icon_creativity@2x.png in Resources */,
				DD2A627A1D3366380095162E /* LaunchScreen.storyboard in Resources */,
				DD2A62981D3386790095162E /* nav_icon_back@2x.png in Resources */,
				58DE3E7C1D33DCFE006EEDEE /* tab_icon_home_hl@2x.png in Resources */,
				DD2A62C21D33962D0095162E /* baoma@3x.png in Resources */,
				58DE3E831D33DCFE006EEDEE /* tab_icon_package@3x.png in Resources */,
				DD2A62C41D33962D0095162E /* beiyun@3x.png in Resources */,
				DD2A62771D3366380095162E /* Assets.xcassets in Resources */,
				DD2A62C51D33962D0095162E /* huaiyun@2x.png in Resources */,
				DD2A62991D3386790095162E /* nav_icon_back@3x.png in Resources */,
				58DE3E811D33DCFE006EEDEE /* tab_icon_package_hl@3x.png in Resources */,
				DD830F4C1D336992006E3459 /* MJRefresh.bundle in Resources */,
				DD2A62751D3366380095162E /* Main.storyboard in Resources */,
				DD2A62C11D33962D0095162E /* baoma@2x.png in Resources */,
				DD2A62C31D33962D0095162E /* beiyun@2x.png in Resources */,
				58DE3E7F1D33DCFE006EEDEE /* tab_icon_home@3x.png in Resources */,
				58DE3E7B1D33DCFE006EEDEE /* tab_icon_creativity@3x.png in Resources */,
				58DE3E7E1D33DCFE006EEDEE /* tab_icon_home@2x.png in Resources */,
				58DE3E821D33DCFE006EEDEE /* tab_icon_package@2x.png in Resources */,
				58DE3E801D33DCFE006EEDEE /* tab_icon_package_hl@2x.png in Resources */,
				DD2A62C61D33962D0095162E /* huaiyun@3x.png in Resources */,
				58DE3E7D1D33DCFE006EEDEE /* tab_icon_home_hl@3x.png in Resources */,
			);
			runOnlyForDeploymentPostprocessing = 0;
		};
/* End PBXResourcesBuildPhase section */

/* Begin PBXShellScriptBuildPhase section */
		84E7260F0F7AD53B66228C7D /* Embed Pods Frameworks */ = {
			isa = PBXShellScriptBuildPhase;
			buildActionMask = 2147483647;
			files = (
			);
			inputPaths = (
			);
			name = "Embed Pods Frameworks";
			outputPaths = (
			);
			runOnlyForDeploymentPostprocessing = 0;
			shellPath = /bin/sh;
			shellScript = "\"${SRCROOT}/Pods/Target Support Files/Pods/Pods-frameworks.sh\"\n";
			showEnvVarsInLog = 0;
		};
		8C8F227B73BB689452D1530E /* Check Pods Manifest.lock */ = {
			isa = PBXShellScriptBuildPhase;
			buildActionMask = 2147483647;
			files = (
			);
			inputPaths = (
			);
			name = "Check Pods Manifest.lock";
			outputPaths = (
			);
			runOnlyForDeploymentPostprocessing = 0;
			shellPath = /bin/sh;
			shellScript = "diff \"${PODS_ROOT}/../Podfile.lock\" \"${PODS_ROOT}/Manifest.lock\" > /dev/null\nif [[ $? != 0 ]] ; then\n    cat << EOM\nerror: The sandbox is not in sync with the Podfile.lock. Run 'pod install' or update your CocoaPods installation.\nEOM\n    exit 1\nfi\n";
			showEnvVarsInLog = 0;
		};
		E578F6B22F4E100E2D01DE87 /* Copy Pods Resources */ = {
			isa = PBXShellScriptBuildPhase;
			buildActionMask = 2147483647;
			files = (
			);
			inputPaths = (
			);
			name = "Copy Pods Resources";
			outputPaths = (
			);
			runOnlyForDeploymentPostprocessing = 0;
			shellPath = /bin/sh;
			shellScript = "\"${SRCROOT}/Pods/Target Support Files/Pods/Pods-resources.sh\"\n";
			showEnvVarsInLog = 0;
		};
/* End PBXShellScriptBuildPhase section */

/* Begin PBXSourcesBuildPhase section */
		DD2A62631D3366380095162E /* Sources */ = {
			isa = PBXSourcesBuildPhase;
			buildActionMask = 2147483647;
			files = (
				DD2A62A31D33885C0095162E /* UIFactory.m in Sources */,
				DD2A62951D3385340095162E /* BaseViewController.m in Sources */,
				DD830F551D336992006E3459 /* UIScrollView+MJExtension.m in Sources */,
				DD2A62CC1D33B5A40095162E /* HasBeenPregnantViewController.m in Sources */,
				DD2A62A01D33875F0095162E /* BaseTabBarView.m in Sources */,
				DD2A62AF1D3389AC0095162E /* RecordViewController.m in Sources */,
				DD830F5B1D336A33006E3459 /* CommonUtils.m in Sources */,
				DD830F4D1D336992006E3459 /* MJRefreshComponent.m in Sources */,
				DD830F501D336992006E3459 /* MJRefreshGifFooter.m in Sources */,
				DD830F571D336992006E3459 /* UIView+MJExtension.m in Sources */,
				DD830F541D336992006E3459 /* MJRefreshLegendHeader.m in Sources */,
				DD2A629D1D33872D0095162E /* BaseTabBarViewController.m in Sources */,
				DD2A62921D3383580095162E /* UIView+Toast.m in Sources */,
				DD2A62871D3377050095162E /* HttpCommonModel.m in Sources */,
				DD2A62CF1D33B5DE0095162E /* PregnantAfterViewController.m in Sources */,
				DD2A626F1D3366380095162E /* AppDelegate.m in Sources */,
				DD830F521D336992006E3459 /* MJRefreshHeader.m in Sources */,
				DD2A62B21D3389B90095162E /* MineViewController.m in Sources */,
				DD2A62B91D33912F0095162E /* ThreeStateGoinViewController.m in Sources */,
				DD2A62AC1D33899C0095162E /* HealthViewController.m in Sources */,
				DD2A62A91D33898C0095162E /* HomePageViewController.m in Sources */,
				DD2A628E1D337E270095162E /* NSDictionary+SafeExpectations.m in Sources */,
				DD830F511D336992006E3459 /* MJRefreshGifHeader.m in Sources */,
				DD830F561D336992006E3459 /* UIScrollView+MJRefresh.m in Sources */,
				DD830F531D336992006E3459 /* MJRefreshLegendFooter.m in Sources */,
				DD2A62C91D339A7C0095162E /* PreparePregnantViewController.m in Sources */,
				DD2A626C1D3366380095162E /* main.m in Sources */,
				DD830F4E1D336992006E3459 /* MJRefreshConst.m in Sources */,
				DD2A62841D3374F30095162E /* HttpServer.m in Sources */,
				DD830F4F1D336992006E3459 /* MJRefreshFooter.m in Sources */,
			);
			runOnlyForDeploymentPostprocessing = 0;
		};
/* End PBXSourcesBuildPhase section */

/* Begin PBXVariantGroup section */
		DD2A62731D3366380095162E /* Main.storyboard */ = {
			isa = PBXVariantGroup;
			children = (
				DD2A62741D3366380095162E /* Base */,
			);
			name = Main.storyboard;
			sourceTree = "<group>";
		};
		DD2A62781D3366380095162E /* LaunchScreen.storyboard */ = {
			isa = PBXVariantGroup;
			children = (
				DD2A62791D3366380095162E /* Base */,
			);
			name = LaunchScreen.storyboard;
			sourceTree = "<group>";
		};
/* End PBXVariantGroup section */

/* Begin XCBuildConfiguration section */
		DD2A627C1D3366380095162E /* Debug */ = {
			isa = XCBuildConfiguration;
			buildSettings = {
				ALWAYS_SEARCH_USER_PATHS = NO;
				CLANG_CXX_LANGUAGE_STANDARD = "gnu++0x";
				CLANG_CXX_LIBRARY = "libc++";
				CLANG_ENABLE_MODULES = YES;
				CLANG_ENABLE_OBJC_ARC = YES;
				CLANG_WARN_BOOL_CONVERSION = YES;
				CLANG_WARN_CONSTANT_CONVERSION = YES;
				CLANG_WARN_DIRECT_OBJC_ISA_USAGE = YES_ERROR;
				CLANG_WARN_EMPTY_BODY = YES;
				CLANG_WARN_ENUM_CONVERSION = YES;
				CLANG_WARN_INT_CONVERSION = YES;
				CLANG_WARN_OBJC_ROOT_CLASS = YES_ERROR;
				CLANG_WARN_UNREACHABLE_CODE = YES;
				CLANG_WARN__DUPLICATE_METHOD_MATCH = YES;
				"CODE_SIGN_IDENTITY[sdk=iphoneos*]" = "iPhone Developer";
				COPY_PHASE_STRIP = NO;
				DEBUG_INFORMATION_FORMAT = dwarf;
				ENABLE_STRICT_OBJC_MSGSEND = YES;
				ENABLE_TESTABILITY = YES;
				GCC_C_LANGUAGE_STANDARD = gnu99;
				GCC_DYNAMIC_NO_PIC = NO;
				GCC_NO_COMMON_BLOCKS = YES;
				GCC_OPTIMIZATION_LEVEL = 0;
				GCC_PREPROCESSOR_DEFINITIONS = (
					"DEBUG=1",
					"$(inherited)",
				);
				GCC_WARN_64_TO_32_BIT_CONVERSION = YES;
				GCC_WARN_ABOUT_RETURN_TYPE = YES_ERROR;
				GCC_WARN_UNDECLARED_SELECTOR = YES;
				GCC_WARN_UNINITIALIZED_AUTOS = YES_AGGRESSIVE;
				GCC_WARN_UNUSED_FUNCTION = YES;
				GCC_WARN_UNUSED_VARIABLE = YES;
				IPHONEOS_DEPLOYMENT_TARGET = 9.1;
				MTL_ENABLE_DEBUG_INFO = YES;
				ONLY_ACTIVE_ARCH = YES;
				SDKROOT = iphoneos;
			};
			name = Debug;
		};
		DD2A627D1D3366380095162E /* Release */ = {
			isa = XCBuildConfiguration;
			buildSettings = {
				ALWAYS_SEARCH_USER_PATHS = NO;
				CLANG_CXX_LANGUAGE_STANDARD = "gnu++0x";
				CLANG_CXX_LIBRARY = "libc++";
				CLANG_ENABLE_MODULES = YES;
				CLANG_ENABLE_OBJC_ARC = YES;
				CLANG_WARN_BOOL_CONVERSION = YES;
				CLANG_WARN_CONSTANT_CONVERSION = YES;
				CLANG_WARN_DIRECT_OBJC_ISA_USAGE = YES_ERROR;
				CLANG_WARN_EMPTY_BODY = YES;
				CLANG_WARN_ENUM_CONVERSION = YES;
				CLANG_WARN_INT_CONVERSION = YES;
				CLANG_WARN_OBJC_ROOT_CLASS = YES_ERROR;
				CLANG_WARN_UNREACHABLE_CODE = YES;
				CLANG_WARN__DUPLICATE_METHOD_MATCH = YES;
				"CODE_SIGN_IDENTITY[sdk=iphoneos*]" = "iPhone Developer";
				COPY_PHASE_STRIP = NO;
				DEBUG_INFORMATION_FORMAT = "dwarf-with-dsym";
				ENABLE_NS_ASSERTIONS = NO;
				ENABLE_STRICT_OBJC_MSGSEND = YES;
				GCC_C_LANGUAGE_STANDARD = gnu99;
				GCC_NO_COMMON_BLOCKS = YES;
				GCC_WARN_64_TO_32_BIT_CONVERSION = YES;
				GCC_WARN_ABOUT_RETURN_TYPE = YES_ERROR;
				GCC_WARN_UNDECLARED_SELECTOR = YES;
				GCC_WARN_UNINITIALIZED_AUTOS = YES_AGGRESSIVE;
				GCC_WARN_UNUSED_FUNCTION = YES;
				GCC_WARN_UNUSED_VARIABLE = YES;
				IPHONEOS_DEPLOYMENT_TARGET = 9.1;
				MTL_ENABLE_DEBUG_INFO = NO;
				SDKROOT = iphoneos;
				VALIDATE_PRODUCT = YES;
			};
			name = Release;
		};
		DD2A627F1D3366380095162E /* Debug */ = {
			isa = XCBuildConfiguration;
			baseConfigurationReference = 0FAC42D9857757A01DFE747A /* Pods.debug.xcconfig */;
			buildSettings = {
				ASSETCATALOG_COMPILER_APPICON_NAME = AppIcon;
				GCC_PREFIX_HEADER = "$(SRCROOT)/KLRecreationFamily/KL-PrefixHeader.pch";
				INFOPLIST_FILE = KLRecreationFamily/Info.plist;
				LD_RUNPATH_SEARCH_PATHS = "$(inherited) @executable_path/Frameworks";
				PRODUCT_BUNDLE_IDENTIFIER = com.lanou.KLRecreationFamily;
				PRODUCT_NAME = "$(TARGET_NAME)";
			};
			name = Debug;
		};
		DD2A62801D3366380095162E /* Release */ = {
			isa = XCBuildConfiguration;
			baseConfigurationReference = 8B8E3C3955D76B14BCB39984 /* Pods.release.xcconfig */;
			buildSettings = {
				ASSETCATALOG_COMPILER_APPICON_NAME = AppIcon;
				GCC_PREFIX_HEADER = "$(SRCROOT)/KLRecreationFamily/KL-PrefixHeader.pch";
				INFOPLIST_FILE = KLRecreationFamily/Info.plist;
				LD_RUNPATH_SEARCH_PATHS = "$(inherited) @executable_path/Frameworks";
				PRODUCT_BUNDLE_IDENTIFIER = com.lanou.KLRecreationFamily;
				PRODUCT_NAME = "$(TARGET_NAME)";
			};
			name = Release;
		};
/* End XCBuildConfiguration section */

/* Begin XCConfigurationList section */
		DD2A62621D3366380095162E /* Build configuration list for PBXProject "KLRecreationFamily" */ = {
			isa = XCConfigurationList;
			buildConfigurations = (
				DD2A627C1D3366380095162E /* Debug */,
				DD2A627D1D3366380095162E /* Release */,
			);
			defaultConfigurationIsVisible = 0;
			defaultConfigurationName = Release;
		};
		DD2A627E1D3366380095162E /* Build configuration list for PBXNativeTarget "KLRecreationFamily" */ = {
			isa = XCConfigurationList;
			buildConfigurations = (
				DD2A627F1D3366380095162E /* Debug */,
				DD2A62801D3366380095162E /* Release */,
			);
			defaultConfigurationIsVisible = 0;
			defaultConfigurationName = Release;
		};
/* End XCConfigurationList section */
	};
	rootObject = DD2A625F1D3366380095162E /* Project object */;
}
